
Microsoft Visual Studio Solution File, Format Version 12.00
# Visual Studio Version 17
VisualStudioVersion = 17.11.35327.3
MinimumVisualStudioVersion = 10.0.40219.1
Project("{9A19103F-16F7-4668-BE54-9A1E7A4F7556}") = "EShopService", "EShopService\EShopService.csproj", "{4536F3B7-E6B6-404C-89A9-1312F59B35E2}"
	ProjectSection(ProjectDependencies) = postProject
		{11150EBE-534D-4A59-B92C-ABC40621D87D} = {11150EBE-534D-4A59-B92C-ABC40621D87D}
	EndProjectSection
EndProject
Project("{9A19103F-16F7-4668-BE54-9A1E7A4F7556}") = "EShop.Application", "EShop.Application\EShop.Application.csproj", "{05C26FF4-9F98-4807-9898-DEEA4A355D90}"
	ProjectSection(ProjectDependencies) = postProject
		{11150EBE-534D-4A59-B92C-ABC40621D87D} = {11150EBE-534D-4A59-B92C-ABC40621D87D}
	EndProjectSection
EndProject
Project("{9A19103F-16F7-4668-BE54-9A1E7A4F7556}") = "EShop.Application.Test", "EShop.Application.Test\EShop.Application.Test.csproj", "{D31C12C9-75CD-4D7F-A97F-CF943D4AE6C5}"
	ProjectSection(ProjectDependencies) = postProject
		{11150EBE-534D-4A59-B92C-ABC40621D87D} = {11150EBE-534D-4A59-B92C-ABC40621D87D}
	EndProjectSection
EndProject
Project("{9A19103F-16F7-4668-BE54-9A1E7A4F7556}") = "EShop.Domain", "EShop.Domain\EShop.Domain.csproj", "{89D431EB-741B-4811-89B5-82811D143AFF}"
	ProjectSection(ProjectDependencies) = postProject
		{05C26FF4-9F98-4807-9898-DEEA4A355D90} = {05C26FF4-9F98-4807-9898-DEEA4A355D90}
		{11150EBE-534D-4A59-B92C-ABC40621D87D} = {11150EBE-534D-4A59-B92C-ABC40621D87D}
		{4536F3B7-E6B6-404C-89A9-1312F59B35E2} = {4536F3B7-E6B6-404C-89A9-1312F59B35E2}
	EndProjectSection
EndProject
Project("{9A19103F-16F7-4668-BE54-9A1E7A4F7556}") = "EShop.Domain.Tests", "EShop.Domain.Tests\EShop.Domain.Tests.csproj", "{11150EBE-534D-4A59-B92C-ABC40621D87D}"
EndProject
Project("{2150E333-8FDC-42A3-9474-1A3956D46DE8}") = "tests", "tests", "{192FBB90-05A4-4987-964F-4F7DE244F383}"
EndProject
Project("{9A19103F-16F7-4668-BE54-9A1E7A4F7556}") = "EShopService.Tests", "EShopService.Tests\EShopService.Tests.csproj", "{B42C5211-0294-41A2-8080-AB9067DC1A44}"
EndProject
Project("{9A19103F-16F7-4668-BE54-9A1E7A4F7556}") = "EShopService.IntegrationTests", "EShopService.IntegrationTests\EShopService.IntegrationTests.csproj", "{484D30CE-E0D0-4D59-B3AD-E2E8ED70492C}"
EndProject
Project("{E53339B2-1760-4266-BCC7-CA923CBCF16C}") = "docker-compose", "docker-compose.dcproj", "{33976B41-88B7-459D-8FF0-73418A0DD63F}"
EndProject
Global
	GlobalSection(SolutionConfigurationPlatforms) = preSolution
		Debug|Any CPU = Debug|Any CPU
		Release|Any CPU = Release|Any CPU
	EndGlobalSection
	GlobalSection(ProjectConfigurationPlatforms) = postSolution
		{4536F3B7-E6B6-404C-89A9-1312F59B35E2}.Debug|Any CPU.ActiveCfg = Debug|Any CPU
		{4536F3B7-E6B6-404C-89A9-1312F59B35E2}.Debug|Any CPU.Build.0 = Debug|Any CPU
		{4536F3B7-E6B6-404C-89A9-1312F59B35E2}.Release|Any CPU.ActiveCfg = Release|Any CPU
		{4536F3B7-E6B6-404C-89A9-1312F59B35E2}.Release|Any CPU.Build.0 = Release|Any CPU
		{05C26FF4-9F98-4807-9898-DEEA4A355D90}.Debug|Any CPU.ActiveCfg = Debug|Any CPU
		{05C26FF4-9F98-4807-9898-DEEA4A355D90}.Debug|Any CPU.Build.0 = Debug|Any CPU
		{05C26FF4-9F98-4807-9898-DEEA4A355D90}.Release|Any CPU.ActiveCfg = Release|Any CPU
		{05C26FF4-9F98-4807-9898-DEEA4A355D90}.Release|Any CPU.Build.0 = Release|Any CPU
		{D31C12C9-75CD-4D7F-A97F-CF943D4AE6C5}.Debug|Any CPU.ActiveCfg = Debug|Any CPU
		{D31C12C9-75CD-4D7F-A97F-CF943D4AE6C5}.Debug|Any CPU.Build.0 = Debug|Any CPU
		{D31C12C9-75CD-4D7F-A97F-CF943D4AE6C5}.Release|Any CPU.ActiveCfg = Release|Any CPU
		{D31C12C9-75CD-4D7F-A97F-CF943D4AE6C5}.Release|Any CPU.Build.0 = Release|Any CPU
		{89D431EB-741B-4811-89B5-82811D143AFF}.Debug|Any CPU.ActiveCfg = Debug|Any CPU
		{89D431EB-741B-4811-89B5-82811D143AFF}.Debug|Any CPU.Build.0 = Debug|Any CPU
		{89D431EB-741B-4811-89B5-82811D143AFF}.Release|Any CPU.ActiveCfg = Release|Any CPU
		{89D431EB-741B-4811-89B5-82811D143AFF}.Release|Any CPU.Build.0 = Release|Any CPU
		{11150EBE-534D-4A59-B92C-ABC40621D87D}.Debug|Any CPU.ActiveCfg = Debug|Any CPU
		{11150EBE-534D-4A59-B92C-ABC40621D87D}.Debug|Any CPU.Build.0 = Debug|Any CPU
		{11150EBE-534D-4A59-B92C-ABC40621D87D}.Release|Any CPU.ActiveCfg = Release|Any CPU
		{11150EBE-534D-4A59-B92C-ABC40621D87D}.Release|Any CPU.Build.0 = Release|Any CPU
		{B42C5211-0294-41A2-8080-AB9067DC1A44}.Debug|Any CPU.ActiveCfg = Debug|Any CPU
		{B42C5211-0294-41A2-8080-AB9067DC1A44}.Debug|Any CPU.Build.0 = Debug|Any CPU
		{B42C5211-0294-41A2-8080-AB9067DC1A44}.Release|Any CPU.ActiveCfg = Release|Any CPU
		{B42C5211-0294-41A2-8080-AB9067DC1A44}.Release|Any CPU.Build.0 = Release|Any CPU
		{484D30CE-E0D0-4D59-B3AD-E2E8ED70492C}.Debug|Any CPU.ActiveCfg = Debug|Any CPU
		{484D30CE-E0D0-4D59-B3AD-E2E8ED70492C}.Debug|Any CPU.Build.0 = Debug|Any CPU
		{484D30CE-E0D0-4D59-B3AD-E2E8ED70492C}.Release|Any CPU.ActiveCfg = Release|Any CPU
		{484D30CE-E0D0-4D59-B3AD-E2E8ED70492C}.Release|Any CPU.Build.0 = Release|Any CPU
		{33976B41-88B7-459D-8FF0-73418A0DD63F}.Debug|Any CPU.ActiveCfg = Debug|Any CPU
		{33976B41-88B7-459D-8FF0-73418A0DD63F}.Debug|Any CPU.Build.0 = Debug|Any CPU
		{33976B41-88B7-459D-8FF0-73418A0DD63F}.Release|Any CPU.ActiveCfg = Release|Any CPU
		{33976B41-88B7-459D-8FF0-73418A0DD63F}.Release|Any CPU.Build.0 = Release|Any CPU
	EndGlobalSection
	GlobalSection(SolutionProperties) = preSolution
		HideSolutionNode = FALSE
	EndGlobalSection
	GlobalSection(NestedProjects) = preSolution
		{D31C12C9-75CD-4D7F-A97F-CF943D4AE6C5} = {192FBB90-05A4-4987-964F-4F7DE244F383}
		{11150EBE-534D-4A59-B92C-ABC40621D87D} = {192FBB90-05A4-4987-964F-4F7DE244F383}
		{B42C5211-0294-41A2-8080-AB9067DC1A44} = {192FBB90-05A4-4987-964F-4F7DE244F383}
		{484D30CE-E0D0-4D59-B3AD-E2E8ED70492C} = {192FBB90-05A4-4987-964F-4F7DE244F383}
	EndGlobalSection
	GlobalSection(ExtensibilityGlobals) = postSolution
		SolutionGuid = {5B013C62-6ACB-4B1C-B873-B8DD61C7369A}
	EndGlobalSection
EndGlobal
